
Microsoft Visual Studio Solution File, Format Version 12.00
# Visual Studio 15
VisualStudioVersion = 15.0.26430.6
MinimumVisualStudioVersion = 10.0.40219.1
Project("{FAE04EC0-301F-11D3-BF4B-00C04F79EFBC}") = "ControlesApp.Android", "ControlesApp\ControlesApp.Android\ControlesApp.Android.csproj", "{9E98EA05-8B23-4399-9333-B0836DF8AB44}"
EndProject
Project("{FAE04EC0-301F-11D3-BF4B-00C04F79EFBC}") = "ControlesApp", "ControlesApp\ControlesApp\ControlesApp.csproj", "{077BAAD4-E15C-4F9D-9334-A94D05D1DB0A}"
EndProject
Project("{FAE04EC0-301F-11D3-BF4B-00C04F79EFBC}") = "ControlesApp.UWP", "ControlesApp\ControlesApp.UWP\ControlesApp.UWP.csproj", "{570FFC9B-A40F-4F43-B13D-1D94FFC17C42}"
EndProject
Project("{FAE04EC0-301F-11D3-BF4B-00C04F79EFBC}") = "ControlesApp.iOS", "ControlesApp\ControlesApp.iOS\ControlesApp.iOS.csproj", "{0B8955B0-5AA2-41D5-B410-490FF57BF8C6}"
EndProject
Global
	GlobalSection(SolutionConfigurationPlatforms) = preSolution
		Ad-Hoc|Any CPU = Ad-Hoc|Any CPU
		Ad-Hoc|ARM = Ad-Hoc|ARM
		Ad-Hoc|iPhone = Ad-Hoc|iPhone
		Ad-Hoc|iPhoneSimulator = Ad-Hoc|iPhoneSimulator
		Ad-Hoc|x64 = Ad-Hoc|x64
		Ad-Hoc|x86 = Ad-Hoc|x86
		AppStore|Any CPU = AppStore|Any CPU
		AppStore|ARM = AppStore|ARM
		AppStore|iPhone = AppStore|iPhone
		AppStore|iPhoneSimulator = AppStore|iPhoneSimulator
		AppStore|x64 = AppStore|x64
		AppStore|x86 = AppStore|x86
		Debug|Any CPU = Debug|Any CPU
		Debug|ARM = Debug|ARM
		Debug|iPhone = Debug|iPhone
		Debug|iPhoneSimulator = Debug|iPhoneSimulator
		Debug|x64 = Debug|x64
		Debug|x86 = Debug|x86
		Release|Any CPU = Release|Any CPU
		Release|ARM = Release|ARM
		Release|iPhone = Release|iPhone
		Release|iPhoneSimulator = Release|iPhoneSimulator
		Release|x64 = Release|x64
		Release|x86 = Release|x86
	EndGlobalSection
	GlobalSection(ProjectConfigurationPlatforms) = postSolution
		{9E98EA05-8B23-4399-9333-B0836DF8AB44}.Ad-Hoc|Any CPU.ActiveCfg = Release|Any CPU
		{9E98EA05-8B23-4399-9333-B0836DF8AB44}.Ad-Hoc|Any CPU.Build.0 = Release|Any CPU
		{9E98EA05-8B23-4399-9333-B0836DF8AB44}.Ad-Hoc|Any CPU.Deploy.0 = Release|Any CPU
		{9E98EA05-8B23-4399-9333-B0836DF8AB44}.Ad-Hoc|ARM.ActiveCfg = Release|Any CPU
		{9E98EA05-8B23-4399-9333-B0836DF8AB44}.Ad-Hoc|ARM.Build.0 = Release|Any CPU
		{9E98EA05-8B23-4399-9333-B0836DF8AB44}.Ad-Hoc|ARM.Deploy.0 = Release|Any CPU
		{9E98EA05-8B23-4399-9333-B0836DF8AB44}.Ad-Hoc|iPhone.ActiveCfg = Release|Any CPU
		{9E98EA05-8B23-4399-9333-B0836DF8AB44}.Ad-Hoc|iPhone.Build.0 = Release|Any CPU
		{9E98EA05-8B23-4399-9333-B0836DF8AB44}.Ad-Hoc|iPhone.Deploy.0 = Release|Any CPU
		{9E98EA05-8B23-4399-9333-B0836DF8AB44}.Ad-Hoc|iPhoneSimulator.ActiveCfg = Release|Any CPU
		{9E98EA05-8B23-4399-9333-B0836DF8AB44}.Ad-Hoc|iPhoneSimulator.Build.0 = Release|Any CPU
		{9E98EA05-8B23-4399-9333-B0836DF8AB44}.Ad-Hoc|iPhoneSimulator.Deploy.0 = Release|Any CPU
		{9E98EA05-8B23-4399-9333-B0836DF8AB44}.Ad-Hoc|x64.ActiveCfg = Release|Any CPU
		{9E98EA05-8B23-4399-9333-B0836DF8AB44}.Ad-Hoc|x64.Build.0 = Release|Any CPU
		{9E98EA05-8B23-4399-9333-B0836DF8AB44}.Ad-Hoc|x64.Deploy.0 = Release|Any CPU
		{9E98EA05-8B23-4399-9333-B0836DF8AB44}.Ad-Hoc|x86.ActiveCfg = Release|Any CPU
		{9E98EA05-8B23-4399-9333-B0836DF8AB44}.Ad-Hoc|x86.Build.0 = Release|Any CPU
		{9E98EA05-8B23-4399-9333-B0836DF8AB44}.Ad-Hoc|x86.Deploy.0 = Release|Any CPU
		{9E98EA05-8B23-4399-9333-B0836DF8AB44}.AppStore|Any CPU.ActiveCfg = Release|Any CPU
		{9E98EA05-8B23-4399-9333-B0836DF8AB44}.AppStore|Any CPU.Build.0 = Release|Any CPU
		{9E98EA05-8B23-4399-9333-B0836DF8AB44}.AppStore|Any CPU.Deploy.0 = Release|Any CPU
		{9E98EA05-8B23-4399-9333-B0836DF8AB44}.AppStore|ARM.ActiveCfg = Release|Any CPU
		{9E98EA05-8B23-4399-9333-B0836DF8AB44}.AppStore|ARM.Build.0 = Release|Any CPU
		{9E98EA05-8B23-4399-9333-B0836DF8AB44}.AppStore|ARM.Deploy.0 = Release|Any CPU
		{9E98EA05-8B23-4399-9333-B0836DF8AB44}.AppStore|iPhone.ActiveCfg = Release|Any CPU
		{9E98EA05-8B23-4399-9333-B0836DF8AB44}.AppStore|iPhone.Build.0 = Release|Any CPU
		{9E98EA05-8B23-4399-9333-B0836DF8AB44}.AppStore|iPhone.Deploy.0 = Release|Any CPU
		{9E98EA05-8B23-4399-9333-B0836DF8AB44}.AppStore|iPhoneSimulator.ActiveCfg = Release|Any CPU
		{9E98EA05-8B23-4399-9333-B0836DF8AB44}.AppStore|iPhoneSimulator.Build.0 = Release|Any CPU
		{9E98EA05-8B23-4399-9333-B0836DF8AB44}.AppStore|iPhoneSimulator.Deploy.0 = Release|Any CPU
		{9E98EA05-8B23-4399-9333-B0836DF8AB44}.AppStore|x64.ActiveCfg = Release|Any CPU
		{9E98EA05-8B23-4399-9333-B0836DF8AB44}.AppStore|x64.Build.0 = Release|Any CPU
		{9E98EA05-8B23-4399-9333-B0836DF8AB44}.AppStore|x64.Deploy.0 = Release|Any CPU
		{9E98EA05-8B23-4399-9333-B0836DF8AB44}.AppStore|x86.ActiveCfg = Release|Any CPU
		{9E98EA05-8B23-4399-9333-B0836DF8AB44}.AppStore|x86.Build.0 = Release|Any CPU
		{9E98EA05-8B23-4399-9333-B0836DF8AB44}.AppStore|x86.Deploy.0 = Release|Any CPU
		{9E98EA05-8B23-4399-9333-B0836DF8AB44}.Debug|Any CPU.ActiveCfg = Debug|Any CPU
		{9E98EA05-8B23-4399-9333-B0836DF8AB44}.Debug|Any CPU.Build.0 = Debug|Any CPU
		{9E98EA05-8B23-4399-9333-B0836DF8AB44}.Debug|Any CPU.Deploy.0 = Debug|Any CPU
		{9E98EA05-8B23-4399-9333-B0836DF8AB44}.Debug|ARM.ActiveCfg = Debug|Any CPU
		{9E98EA05-8B23-4399-9333-B0836DF8AB44}.Debug|ARM.Build.0 = Debug|Any CPU
		{9E98EA05-8B23-4399-9333-B0836DF8AB44}.Debug|ARM.Deploy.0 = Debug|Any CPU
		{9E98EA05-8B23-4399-9333-B0836DF8AB44}.Debug|iPhone.ActiveCfg = Debug|Any CPU
		{9E98EA05-8B23-4399-9333-B0836DF8AB44}.Debug|iPhone.Build.0 = Debug|Any CPU
		{9E98EA05-8B23-4399-9333-B0836DF8AB44}.Debug|iPhone.Deploy.0 = Debug|Any CPU
		{9E98EA05-8B23-4399-9333-B0836DF8AB44}.Debug|iPhoneSimulator.ActiveCfg = Debug|Any CPU
		{9E98EA05-8B23-4399-9333-B0836DF8AB44}.Debug|iPhoneSimulator.Build.0 = Debug|Any CPU
		{9E98EA05-8B23-4399-9333-B0836DF8AB44}.Debug|iPhoneSimulator.Deploy.0 = Debug|Any CPU
		{9E98EA05-8B23-4399-9333-B0836DF8AB44}.Debug|x64.ActiveCfg = Debug|Any CPU
		{9E98EA05-8B23-4399-9333-B0836DF8AB44}.Debug|x64.Build.0 = Debug|Any CPU
		{9E98EA05-8B23-4399-9333-B0836DF8AB44}.Debug|x64.Deploy.0 = Debug|Any CPU
		{9E98EA05-8B23-4399-9333-B0836DF8AB44}.Debug|x86.ActiveCfg = Debug|Any CPU
		{9E98EA05-8B23-4399-9333-B0836DF8AB44}.Debug|x86.Build.0 = Debug|Any CPU
		{9E98EA05-8B23-4399-9333-B0836DF8AB44}.Debug|x86.Deploy.0 = Debug|Any CPU
		{9E98EA05-8B23-4399-9333-B0836DF8AB44}.Release|Any CPU.ActiveCfg = Release|Any CPU
		{9E98EA05-8B23-4399-9333-B0836DF8AB44}.Release|Any CPU.Build.0 = Release|Any CPU
		{9E98EA05-8B23-4399-9333-B0836DF8AB44}.Release|Any CPU.Deploy.0 = Release|Any CPU
		{9E98EA05-8B23-4399-9333-B0836DF8AB44}.Release|ARM.ActiveCfg = Release|Any CPU
		{9E98EA05-8B23-4399-9333-B0836DF8AB44}.Release|ARM.Build.0 = Release|Any CPU
		{9E98EA05-8B23-4399-9333-B0836DF8AB44}.Release|ARM.Deploy.0 = Release|Any CPU
		{9E98EA05-8B23-4399-9333-B0836DF8AB44}.Release|iPhone.ActiveCfg = Release|Any CPU
		{9E98EA05-8B23-4399-9333-B0836DF8AB44}.Release|iPhone.Build.0 = Release|Any CPU
		{9E98EA05-8B23-4399-9333-B0836DF8AB44}.Release|iPhone.Deploy.0 = Release|Any CPU
		{9E98EA05-8B23-4399-9333-B0836DF8AB44}.Release|iPhoneSimulator.ActiveCfg = Release|Any CPU
		{9E98EA05-8B23-4399-9333-B0836DF8AB44}.Release|iPhoneSimulator.Build.0 = Release|Any CPU
		{9E98EA05-8B23-4399-9333-B0836DF8AB44}.Release|iPhoneSimulator.Deploy.0 = Release|Any CPU
		{9E98EA05-8B23-4399-9333-B0836DF8AB44}.Release|x64.ActiveCfg = Release|Any CPU
		{9E98EA05-8B23-4399-9333-B0836DF8AB44}.Release|x64.Build.0 = Release|Any CPU
		{9E98EA05-8B23-4399-9333-B0836DF8AB44}.Release|x64.Deploy.0 = Release|Any CPU
		{9E98EA05-8B23-4399-9333-B0836DF8AB44}.Release|x86.ActiveCfg = Release|Any CPU
		{9E98EA05-8B23-4399-9333-B0836DF8AB44}.Release|x86.Build.0 = Release|Any CPU
		{9E98EA05-8B23-4399-9333-B0836DF8AB44}.Release|x86.Deploy.0 = Release|Any CPU
		{077BAAD4-E15C-4F9D-9334-A94D05D1DB0A}.Ad-Hoc|Any CPU.ActiveCfg = Release|Any CPU
		{077BAAD4-E15C-4F9D-9334-A94D05D1DB0A}.Ad-Hoc|Any CPU.Build.0 = Release|Any CPU
		{077BAAD4-E15C-4F9D-9334-A94D05D1DB0A}.Ad-Hoc|ARM.ActiveCfg = Release|Any CPU
		{077BAAD4-E15C-4F9D-9334-A94D05D1DB0A}.Ad-Hoc|ARM.Build.0 = Release|Any CPU
		{077BAAD4-E15C-4F9D-9334-A94D05D1DB0A}.Ad-Hoc|iPhone.ActiveCfg = Release|Any CPU
		{077BAAD4-E15C-4F9D-9334-A94D05D1DB0A}.Ad-Hoc|iPhone.Build.0 = Release|Any CPU
		{077BAAD4-E15C-4F9D-9334-A94D05D1DB0A}.Ad-Hoc|iPhoneSimulator.ActiveCfg = Release|Any CPU
		{077BAAD4-E15C-4F9D-9334-A94D05D1DB0A}.Ad-Hoc|iPhoneSimulator.Build.0 = Release|Any CPU
		{077BAAD4-E15C-4F9D-9334-A94D05D1DB0A}.Ad-Hoc|x64.ActiveCfg = Release|Any CPU
		{077BAAD4-E15C-4F9D-9334-A94D05D1DB0A}.Ad-Hoc|x64.Build.0 = Release|Any CPU
		{077BAAD4-E15C-4F9D-9334-A94D05D1DB0A}.Ad-Hoc|x86.ActiveCfg = Release|Any CPU
		{077BAAD4-E15C-4F9D-9334-A94D05D1DB0A}.Ad-Hoc|x86.Build.0 = Release|Any CPU
		{077BAAD4-E15C-4F9D-9334-A94D05D1DB0A}.AppStore|Any CPU.ActiveCfg = Release|Any CPU
		{077BAAD4-E15C-4F9D-9334-A94D05D1DB0A}.AppStore|Any CPU.Build.0 = Release|Any CPU
		{077BAAD4-E15C-4F9D-9334-A94D05D1DB0A}.AppStore|ARM.ActiveCfg = Release|Any CPU
		{077BAAD4-E15C-4F9D-9334-A94D05D1DB0A}.AppStore|ARM.Build.0 = Release|Any CPU
		{077BAAD4-E15C-4F9D-9334-A94D05D1DB0A}.AppStore|iPhone.ActiveCfg = Release|Any CPU
		{077BAAD4-E15C-4F9D-9334-A94D05D1DB0A}.AppStore|iPhone.Build.0 = Release|Any CPU
		{077BAAD4-E15C-4F9D-9334-A94D05D1DB0A}.AppStore|iPhoneSimulator.ActiveCfg = Release|Any CPU
		{077BAAD4-E15C-4F9D-9334-A94D05D1DB0A}.AppStore|iPhoneSimulator.Build.0 = Release|Any CPU
		{077BAAD4-E15C-4F9D-9334-A94D05D1DB0A}.AppStore|x64.ActiveCfg = Release|Any CPU
		{077BAAD4-E15C-4F9D-9334-A94D05D1DB0A}.AppStore|x64.Build.0 = Release|Any CPU
		{077BAAD4-E15C-4F9D-9334-A94D05D1DB0A}.AppStore|x86.ActiveCfg = Release|Any CPU
		{077BAAD4-E15C-4F9D-9334-A94D05D1DB0A}.AppStore|x86.Build.0 = Release|Any CPU
		{077BAAD4-E15C-4F9D-9334-A94D05D1DB0A}.Debug|Any CPU.ActiveCfg = Debug|Any CPU
		{077BAAD4-E15C-4F9D-9334-A94D05D1DB0A}.Debug|Any CPU.Build.0 = Debug|Any CPU
		{077BAAD4-E15C-4F9D-9334-A94D05D1DB0A}.Debug|ARM.ActiveCfg = Debug|Any CPU
		{077BAAD4-E15C-4F9D-9334-A94D05D1DB0A}.Debug|ARM.Build.0 = Debug|Any CPU
		{077BAAD4-E15C-4F9D-9334-A94D05D1DB0A}.Debug|iPhone.ActiveCfg = Debug|Any CPU
		{077BAAD4-E15C-4F9D-9334-A94D05D1DB0A}.Debug|iPhone.Build.0 = Debug|Any CPU
		{077BAAD4-E15C-4F9D-9334-A94D05D1DB0A}.Debug|iPhoneSimulator.ActiveCfg = Debug|Any CPU
		{077BAAD4-E15C-4F9D-9334-A94D05D1DB0A}.Debug|iPhoneSimulator.Build.0 = Debug|Any CPU
		{077BAAD4-E15C-4F9D-9334-A94D05D1DB0A}.Debug|x64.ActiveCfg = Debug|Any CPU
		{077BAAD4-E15C-4F9D-9334-A94D05D1DB0A}.Debug|x64.Build.0 = Debug|Any CPU
		{077BAAD4-E15C-4F9D-9334-A94D05D1DB0A}.Debug|x86.ActiveCfg = Debug|Any CPU
		{077BAAD4-E15C-4F9D-9334-A94D05D1DB0A}.Debug|x86.Build.0 = Debug|Any CPU
		{077BAAD4-E15C-4F9D-9334-A94D05D1DB0A}.Release|Any CPU.ActiveCfg = Release|Any CPU
		{077BAAD4-E15C-4F9D-9334-A94D05D1DB0A}.Release|Any CPU.Build.0 = Release|Any CPU
		{077BAAD4-E15C-4F9D-9334-A94D05D1DB0A}.Release|ARM.ActiveCfg = Release|Any CPU
		{077BAAD4-E15C-4F9D-9334-A94D05D1DB0A}.Release|ARM.Build.0 = Release|Any CPU
		{077BAAD4-E15C-4F9D-9334-A94D05D1DB0A}.Release|iPhone.ActiveCfg = Release|Any CPU
		{077BAAD4-E15C-4F9D-9334-A94D05D1DB0A}.Release|iPhone.Build.0 = Release|Any CPU
		{077BAAD4-E15C-4F9D-9334-A94D05D1DB0A}.Release|iPhoneSimulator.ActiveCfg = Release|Any CPU
		{077BAAD4-E15C-4F9D-9334-A94D05D1DB0A}.Release|iPhoneSimulator.Build.0 = Release|Any CPU
		{077BAAD4-E15C-4F9D-9334-A94D05D1DB0A}.Release|x64.ActiveCfg = Release|Any CPU
		{077BAAD4-E15C-4F9D-9334-A94D05D1DB0A}.Release|x64.Build.0 = Release|Any CPU
		{077BAAD4-E15C-4F9D-9334-A94D05D1DB0A}.Release|x86.ActiveCfg = Release|Any CPU
		{077BAAD4-E15C-4F9D-9334-A94D05D1DB0A}.Release|x86.Build.0 = Release|Any CPU
		{570FFC9B-A40F-4F43-B13D-1D94FFC17C42}.Ad-Hoc|Any CPU.ActiveCfg = Release|x86
		{570FFC9B-A40F-4F43-B13D-1D94FFC17C42}.Ad-Hoc|Any CPU.Build.0 = Release|x86
		{570FFC9B-A40F-4F43-B13D-1D94FFC17C42}.Ad-Hoc|Any CPU.Deploy.0 = Release|x86
		{570FFC9B-A40F-4F43-B13D-1D94FFC17C42}.Ad-Hoc|ARM.ActiveCfg = Release|ARM
		{570FFC9B-A40F-4F43-B13D-1D94FFC17C42}.Ad-Hoc|ARM.Build.0 = Release|ARM
		{570FFC9B-A40F-4F43-B13D-1D94FFC17C42}.Ad-Hoc|ARM.Deploy.0 = Release|ARM
		{570FFC9B-A40F-4F43-B13D-1D94FFC17C42}.Ad-Hoc|iPhone.ActiveCfg = Release|x86
		{570FFC9B-A40F-4F43-B13D-1D94FFC17C42}.Ad-Hoc|iPhone.Build.0 = Release|x86
		{570FFC9B-A40F-4F43-B13D-1D94FFC17C42}.Ad-Hoc|iPhone.Deploy.0 = Release|x86
		{570FFC9B-A40F-4F43-B13D-1D94FFC17C42}.Ad-Hoc|iPhoneSimulator.ActiveCfg = Release|x86
		{570FFC9B-A40F-4F43-B13D-1D94FFC17C42}.Ad-Hoc|iPhoneSimulator.Build.0 = Release|x86
		{570FFC9B-A40F-4F43-B13D-1D94FFC17C42}.Ad-Hoc|iPhoneSimulator.Deploy.0 = Release|x86
		{570FFC9B-A40F-4F43-B13D-1D94FFC17C42}.Ad-Hoc|x64.ActiveCfg = Release|x64
		{570FFC9B-A40F-4F43-B13D-1D94FFC17C42}.Ad-Hoc|x64.Build.0 = Release|x64
		{570FFC9B-A40F-4F43-B13D-1D94FFC17C42}.Ad-Hoc|x64.Deploy.0 = Release|x64
		{570FFC9B-A40F-4F43-B13D-1D94FFC17C42}.Ad-Hoc|x86.ActiveCfg = Release|x86
		{570FFC9B-A40F-4F43-B13D-1D94FFC17C42}.Ad-Hoc|x86.Build.0 = Release|x86
		{570FFC9B-A40F-4F43-B13D-1D94FFC17C42}.Ad-Hoc|x86.Deploy.0 = Release|x86
		{570FFC9B-A40F-4F43-B13D-1D94FFC17C42}.AppStore|Any CPU.ActiveCfg = Release|x86
		{570FFC9B-A40F-4F43-B13D-1D94FFC17C42}.AppStore|Any CPU.Build.0 = Release|x86
		{570FFC9B-A40F-4F43-B13D-1D94FFC17C42}.AppStore|Any CPU.Deploy.0 = Release|x86
		{570FFC9B-A40F-4F43-B13D-1D94FFC17C42}.AppStore|ARM.ActiveCfg = Release|ARM
		{570FFC9B-A40F-4F43-B13D-1D94FFC17C42}.AppStore|ARM.Build.0 = Release|ARM
		{570FFC9B-A40F-4F43-B13D-1D94FFC17C42}.AppStore|ARM.Deploy.0 = Release|ARM
		{570FFC9B-A40F-4F43-B13D-1D94FFC17C42}.AppStore|iPhone.ActiveCfg = Release|x86
		{570FFC9B-A40F-4F43-B13D-1D94FFC17C42}.AppStore|iPhone.Build.0 = Release|x86
		{570FFC9B-A40F-4F43-B13D-1D94FFC17C42}.AppStore|iPhone.Deploy.0 = Release|x86
		{570FFC9B-A40F-4F43-B13D-1D94FFC17C42}.AppStore|iPhoneSimulator.ActiveCfg = Release|x86
		{570FFC9B-A40F-4F43-B13D-1D94FFC17C42}.AppStore|iPhoneSimulator.Build.0 = Release|x86
		{570FFC9B-A40F-4F43-B13D-1D94FFC17C42}.AppStore|iPhoneSimulator.Deploy.0 = Release|x86
		{570FFC9B-A40F-4F43-B13D-1D94FFC17C42}.AppStore|x64.ActiveCfg = Release|x64
		{570FFC9B-A40F-4F43-B13D-1D94FFC17C42}.AppStore|x64.Build.0 = Release|x64
		{570FFC9B-A40F-4F43-B13D-1D94FFC17C42}.AppStore|x64.Deploy.0 = Release|x64
		{570FFC9B-A40F-4F43-B13D-1D94FFC17C42}.AppStore|x86.ActiveCfg = Release|x86
		{570FFC9B-A40F-4F43-B13D-1D94FFC17C42}.AppStore|x86.Build.0 = Release|x86
		{570FFC9B-A40F-4F43-B13D-1D94FFC17C42}.AppStore|x86.Deploy.0 = Release|x86
		{570FFC9B-A40F-4F43-B13D-1D94FFC17C42}.Debug|Any CPU.ActiveCfg = Debug|x86
		{570FFC9B-A40F-4F43-B13D-1D94FFC17C42}.Debug|Any CPU.Build.0 = Debug|x86
		{570FFC9B-A40F-4F43-B13D-1D94FFC17C42}.Debug|Any CPU.Deploy.0 = Debug|x86
		{570FFC9B-A40F-4F43-B13D-1D94FFC17C42}.Debug|ARM.ActiveCfg = Debug|ARM
		{570FFC9B-A40F-4F43-B13D-1D94FFC17C42}.Debug|ARM.Build.0 = Debug|ARM
		{570FFC9B-A40F-4F43-B13D-1D94FFC17C42}.Debug|ARM.Deploy.0 = Debug|ARM
		{570FFC9B-A40F-4F43-B13D-1D94FFC17C42}.Debug|iPhone.ActiveCfg = Debug|x86
		{570FFC9B-A40F-4F43-B13D-1D94FFC17C42}.Debug|iPhoneSimulator.ActiveCfg = Debug|x86
		{570FFC9B-A40F-4F43-B13D-1D94FFC17C42}.Debug|x64.ActiveCfg = Debug|x64
		{570FFC9B-A40F-4F43-B13D-1D94FFC17C42}.Debug|x64.Build.0 = Debug|x64
		{570FFC9B-A40F-4F43-B13D-1D94FFC17C42}.Debug|x64.Deploy.0 = Debug|x64
		{570FFC9B-A40F-4F43-B13D-1D94FFC17C42}.Debug|x86.ActiveCfg = Debug|x86
		{570FFC9B-A40F-4F43-B13D-1D94FFC17C42}.Debug|x86.Build.0 = Debug|x86
		{570FFC9B-A40F-4F43-B13D-1D94FFC17C42}.Debug|x86.Deploy.0 = Debug|x86
		{570FFC9B-A40F-4F43-B13D-1D94FFC17C42}.Release|Any CPU.ActiveCfg = Release|x86
		{570FFC9B-A40F-4F43-B13D-1D94FFC17C42}.Release|ARM.ActiveCfg = Release|ARM
		{570FFC9B-A40F-4F43-B13D-1D94FFC17C42}.Release|ARM.Build.0 = Release|ARM
		{570FFC9B-A40F-4F43-B13D-1D94FFC17C42}.Release|ARM.Deploy.0 = Release|ARM
		{570FFC9B-A40F-4F43-B13D-1D94FFC17C42}.Release|iPhone.ActiveCfg = Release|x86
		{570FFC9B-A40F-4F43-B13D-1D94FFC17C42}.Release|iPhoneSimulator.ActiveCfg = Release|x86
		{570FFC9B-A40F-4F43-B13D-1D94FFC17C42}.Release|x64.ActiveCfg = Release|x64
		{570FFC9B-A40F-4F43-B13D-1D94FFC17C42}.Release|x64.Build.0 = Release|x64
		{570FFC9B-A40F-4F43-B13D-1D94FFC17C42}.Release|x64.Deploy.0 = Release|x64
		{570FFC9B-A40F-4F43-B13D-1D94FFC17C42}.Release|x86.ActiveCfg = Release|x86
		{570FFC9B-A40F-4F43-B13D-1D94FFC17C42}.Release|x86.Build.0 = Release|x86
		{570FFC9B-A40F-4F43-B13D-1D94FFC17C42}.Release|x86.Deploy.0 = Release|x86
		{0B8955B0-5AA2-41D5-B410-490FF57BF8C6}.Ad-Hoc|Any CPU.ActiveCfg = Ad-Hoc|iPhone
		{0B8955B0-5AA2-41D5-B410-490FF57BF8C6}.Ad-Hoc|ARM.ActiveCfg = Ad-Hoc|iPhone
		{0B8955B0-5AA2-41D5-B410-490FF57BF8C6}.Ad-Hoc|iPhone.ActiveCfg = Ad-Hoc|iPhone
		{0B8955B0-5AA2-41D5-B410-490FF57BF8C6}.Ad-Hoc|iPhone.Build.0 = Ad-Hoc|iPhone
		{0B8955B0-5AA2-41D5-B410-490FF57BF8C6}.Ad-Hoc|iPhoneSimulator.ActiveCfg = Ad-Hoc|iPhoneSimulator
		{0B8955B0-5AA2-41D5-B410-490FF57BF8C6}.Ad-Hoc|iPhoneSimulator.Build.0 = Ad-Hoc|iPhoneSimulator
		{0B8955B0-5AA2-41D5-B410-490FF57BF8C6}.Ad-Hoc|x64.ActiveCfg = Ad-Hoc|iPhone
		{0B8955B0-5AA2-41D5-B410-490FF57BF8C6}.Ad-Hoc|x86.ActiveCfg = Ad-Hoc|iPhone
		{0B8955B0-5AA2-41D5-B410-490FF57BF8C6}.AppStore|Any CPU.ActiveCfg = AppStore|iPhone
		{0B8955B0-5AA2-41D5-B410-490FF57BF8C6}.AppStore|ARM.ActiveCfg = AppStore|iPhone
		{0B8955B0-5AA2-41D5-B410-490FF57BF8C6}.AppStore|iPhone.ActiveCfg = AppStore|iPhone
		{0B8955B0-5AA2-41D5-B410-490FF57BF8C6}.AppStore|iPhone.Build.0 = AppStore|iPhone
		{0B8955B0-5AA2-41D5-B410-490FF57BF8C6}.AppStore|iPhoneSimulator.ActiveCfg = AppStore|iPhoneSimulator
		{0B8955B0-5AA2-41D5-B410-490FF57BF8C6}.AppStore|iPhoneSimulator.Build.0 = AppStore|iPhoneSimulator
		{0B8955B0-5AA2-41D5-B410-490FF57BF8C6}.AppStore|x64.ActiveCfg = AppStore|iPhone
		{0B8955B0-5AA2-41D5-B410-490FF57BF8C6}.AppStore|x86.ActiveCfg = AppStore|iPhone
		{0B8955B0-5AA2-41D5-B410-490FF57BF8C6}.Debug|Any CPU.ActiveCfg = Debug|iPhone
		{0B8955B0-5AA2-41D5-B410-490FF57BF8C6}.Debug|ARM.ActiveCfg = Debug|iPhone
		{0B8955B0-5AA2-41D5-B410-490FF57BF8C6}.Debug|iPhone.ActiveCfg = Debug|iPhone
		{0B8955B0-5AA2-41D5-B410-490FF57BF8C6}.Debug|iPhone.Build.0 = Debug|iPhone
		{0B8955B0-5AA2-41D5-B410-490FF57BF8C6}.Debug|iPhoneSimulator.ActiveCfg = Debug|iPhoneSimulator
		{0B8955B0-5AA2-41D5-B410-490FF57BF8C6}.Debug|iPhoneSimulator.Build.0 = Debug|iPhoneSimulator
		{0B8955B0-5AA2-41D5-B410-490FF57BF8C6}.Debug|x64.ActiveCfg = Debug|iPhone
		{0B8955B0-5AA2-41D5-B410-490FF57BF8C6}.Debug|x86.ActiveCfg = Debug|iPhone
		{0B8955B0-5AA2-41D5-B410-490FF57BF8C6}.Release|Any CPU.ActiveCfg = Release|iPhone
		{0B8955B0-5AA2-41D5-B410-490FF57BF8C6}.Release|ARM.ActiveCfg = Release|iPhone
		{0B8955B0-5AA2-41D5-B410-490FF57BF8C6}.Release|iPhone.ActiveCfg = Release|iPhone
		{0B8955B0-5AA2-41D5-B410-490FF57BF8C6}.Release|iPhone.Build.0 = Release|iPhone
		{0B8955B0-5AA2-41D5-B410-490FF57BF8C6}.Release|iPhoneSimulator.ActiveCfg = Release|iPhoneSimulator
		{0B8955B0-5AA2-41D5-B410-490FF57BF8C6}.Release|iPhoneSimulator.Build.0 = Release|iPhoneSimulator
		{0B8955B0-5AA2-41D5-B410-490FF57BF8C6}.Release|x64.ActiveCfg = Release|iPhone
		{0B8955B0-5AA2-41D5-B410-490FF57BF8C6}.Release|x86.ActiveCfg = Release|iPhone
	EndGlobalSection
	GlobalSection(SolutionProperties) = preSolution
		HideSolutionNode = FALSE
	EndGlobalSection
EndGlobal
